
Microsoft Visual Studio Solution File, Format Version 11.00
# Visual Studio 2010
Project("{D8659606-DECE-48AC-A52C-0C19E6F70AFF}") = "CombatTrainingMod", "CombatTrainingMod\CombatTrainingMod.csproj", "{606B257A-DE3A-4578-B0C3-A82A317DB15A}"
EndProject
Global
	GlobalSection(SolutionConfigurationPlatforms) = preSolution
		Debug|Any CPU = Debug|Any CPU
		Release|Any CPU = Release|Any CPU
	EndGlobalSection
	GlobalSection(ProjectConfigurationPlatforms) = postSolution
		{606B257A-DE3A-4578-B0C3-A82A317DB15A}.Debug|Any CPU.ActiveCfg = Debug|Any CPU
		{606B257A-DE3A-4578-B0C3-A82A317DB15A}.Debug|Any CPU.Build.0 = Debug|Any CPU
		{606B257A-DE3A-4578-B0C3-A82A317DB15A}.Release|Any CPU.ActiveCfg = Release|Any CPU
		{606B257A-DE3A-4578-B0C3-A82A317DB15A}.Release|Any CPU.Build.0 = Release|Any CPU
	EndGlobalSection
	GlobalSection(SolutionProperties) = preSolution
		HideSolutionNode = FALSE
	EndGlobalSection
EndGlobal
